
Microsoft Visual Studio Solution File, Format Version 12.00
# Visual Studio Version 16
VisualStudioVersion = 16.0.30204.135
MinimumVisualStudioVersion = 10.0.40219.1
Project("{9A19103F-16F7-4668-BE54-9A1E7A4F7556}") = "ProjectOrganizer", "ProjectOrganizer\ProjectOrganizer.csproj", "{636A53D3-A361-499A-A6BF-51A9AA5DE4DD}"
EndProject
Global
	GlobalSection(SolutionConfigurationPlatforms) = preSolution
		Debug|Any CPU = Debug|Any CPU
		Release|Any CPU = Release|Any CPU
	EndGlobalSection
	GlobalSection(ProjectConfigurationPlatforms) = postSolution
		{636A53D3-A361-499A-A6BF-51A9AA5DE4DD}.Debug|Any CPU.ActiveCfg = Debug|Any CPU
		{636A53D3-A361-499A-A6BF-51A9AA5DE4DD}.Debug|Any CPU.Build.0 = Debug|Any CPU
		{636A53D3-A361-499A-A6BF-51A9AA5DE4DD}.Release|Any CPU.ActiveCfg = Release|Any CPU
		{636A53D3-A361-499A-A6BF-51A9AA5DE4DD}.Release|Any CPU.Build.0 = Release|Any CPU
	EndGlobalSection
	GlobalSection(SolutionProperties) = preSolution
		HideSolutionNode = FALSE
	EndGlobalSection
	GlobalSection(ExtensibilityGlobals) = postSolution
		SolutionGuid = {0247406D-D3D4-4D64-A5BA-AB749110FFD2}
	EndGlobalSection
EndGlobal
